
Microsoft Visual Studio Solution File, Format Version 12.00
# Visual Studio Version 16
VisualStudioVersion = 16.0.29613.14
MinimumVisualStudioVersion = 10.0.40219.1
Project("{9A19103F-16F7-4668-BE54-9A1E7A4F7556}") = "Jasily.DI.ScopedValue", "Jasily.DI.ScopedValue\Jasily.DI.ScopedValue.csproj", "{851FE979-9D28-4CF1-B91D-CFE221EF6E00}"
EndProject
Project("{FAE04EC0-301F-11D3-BF4B-00C04F79EFBC}") = "Jasily.DI.ScopedValue.Test", "Jasily.DI.ScopedValue.Test\Jasily.DI.ScopedValue.Test.csproj", "{5A9C303B-A590-4E16-B96C-D964CB324B2D}"
EndProject
Global
	GlobalSection(SolutionConfigurationPlatforms) = preSolution
		Debug|Any CPU = Debug|Any CPU
		Release|Any CPU = Release|Any CPU
	EndGlobalSection
	GlobalSection(ProjectConfigurationPlatforms) = postSolution
		{851FE979-9D28-4CF1-B91D-CFE221EF6E00}.Debug|Any CPU.ActiveCfg = Debug|Any CPU
		{851FE979-9D28-4CF1-B91D-CFE221EF6E00}.Debug|Any CPU.Build.0 = Debug|Any CPU
		{851FE979-9D28-4CF1-B91D-CFE221EF6E00}.Release|Any CPU.ActiveCfg = Release|Any CPU
		{851FE979-9D28-4CF1-B91D-CFE221EF6E00}.Release|Any CPU.Build.0 = Release|Any CPU
		{5A9C303B-A590-4E16-B96C-D964CB324B2D}.Debug|Any CPU.ActiveCfg = Debug|Any CPU
		{5A9C303B-A590-4E16-B96C-D964CB324B2D}.Debug|Any CPU.Build.0 = Debug|Any CPU
		{5A9C303B-A590-4E16-B96C-D964CB324B2D}.Release|Any CPU.ActiveCfg = Release|Any CPU
		{5A9C303B-A590-4E16-B96C-D964CB324B2D}.Release|Any CPU.Build.0 = Release|Any CPU
	EndGlobalSection
	GlobalSection(SolutionProperties) = preSolution
		HideSolutionNode = FALSE
	EndGlobalSection
	GlobalSection(ExtensibilityGlobals) = postSolution
		SolutionGuid = {ACDCFB21-6307-478C-B21F-D6390D050595}
	EndGlobalSection
EndGlobal
